# @generated - this file is auto-generated by `mise lock` https://mise.en.dev/dev-tools/mise-lock.html

[[tools."github:denoland/deno"]]
version = "v2.3.7"
backend = "github:denoland/deno"

[tools."github:denoland/deno"."platforms.linux-arm64"]
checksum = "sha256:fbf420aee4469094bd91e595dd78814c94737dfb1d26e640b13aa938a9663cf8"
url = "https://github.com/denoland/deno/releases/download/v2.3.7/deno-aarch64-unknown-linux-gnu.zip"
url_api = "https://api.github.com/repos/denoland/deno/releases/assets/266620959"

[tools."github:denoland/deno"."platforms.linux-x64"]
checksum = "sha256:63f55a621441fbbc8830324baf3d9c7a94928c7fb6b8ad54265dc9442dcd1dd2"
url = "https://github.com/denoland/deno/releases/download/v2.3.7/deno-x86_64-unknown-linux-gnu.zip"
url_api = "https://api.github.com/repos/denoland/deno/releases/assets/266621026"

[tools."github:denoland/deno"."platforms.macos-arm64"]
checksum = "sha256:764389a4d499c56e7b950d4d7d9bb52a9a55b87717d25f6ce65faee895dfa2f0"
url = "https://github.com/denoland/deno/releases/download/v2.3.7/deno-aarch64-apple-darwin.zip"
url_api = "https://api.github.com/repos/denoland/deno/releases/assets/266694481"

[tools."github:denoland/deno"."platforms.macos-x64"]
checksum = "sha256:49655e8059ffd59976bf23f9ed0d843c9c6e33ceb3d0e780bd3d87ee5e051734"
url = "https://github.com/denoland/deno/releases/download/v2.3.7/deno-x86_64-apple-darwin.zip"
url_api = "https://api.github.com/repos/denoland/deno/releases/assets/266642498"

[tools."github:denoland/deno"."platforms.windows-x64"]
checksum = "sha256:5c3b396d190efa2c348a1935cbfec8e7eac2d428efef3b413174ebebbb6817d4"
url = "https://github.com/denoland/deno/releases/download/v2.3.7/deno-x86_64-pc-windows-msvc.zip"
url_api = "https://api.github.com/repos/denoland/deno/releases/assets/266623519"

[[tools."github:oven-sh/bun"]]
version = "bun-v1.3.12"
backend = "github:oven-sh/bun"

[tools."github:oven-sh/bun"."platforms.linux-arm64"]
checksum = "sha256:c40bc0ebca11bde7d75af497a654a874d0c7fd8d6a8d6031c173c10c9064297b"
url = "https://github.com/oven-sh/bun/releases/download/bun-v1.3.12/bun-linux-aarch64.zip"
url_api = "https://api.github.com/repos/oven-sh/bun/releases/assets/392586304"

[tools."github:oven-sh/bun"."platforms.linux-arm64-musl"]
checksum = "sha256:731baab945bc471c17248ea375e66f71442879d2595c54045b3e861f4e8b9ab1"
url = "https://github.com/oven-sh/bun/releases/download/bun-v1.3.12/bun-linux-aarch64-musl.zip"
url_api = "https://api.github.com/repos/oven-sh/bun/releases/assets/392586306"

[tools."github:oven-sh/bun"."platforms.linux-x64"]
checksum = "sha256:11dc3ee11bc1695e149737c6ca3d5619302cf4346e6b8a6ec7988967ef01ddc5"
url = "https://github.com/oven-sh/bun/releases/download/bun-v1.3.12/bun-linux-x64.zip"
url_api = "https://api.github.com/repos/oven-sh/bun/releases/assets/392586354"

[tools."github:oven-sh/bun"."platforms.linux-x64-musl"]
checksum = "sha256:5a9f9a2102d4bd0d5210b4f6bd345151d2310623947085177c1b306e8587dce6"
url = "https://github.com/oven-sh/bun/releases/download/bun-v1.3.12/bun-linux-x64-musl.zip"
url_api = "https://api.github.com/repos/oven-sh/bun/releases/assets/392586580"

[tools."github:oven-sh/bun"."platforms.macos-arm64"]
checksum = "sha256:6c4bb87dd013ed1a8d6a16e357a3d094959fd5530b4d7061f7f3680c3c7cea1c"
url = "https://github.com/oven-sh/bun/releases/download/bun-v1.3.12/bun-darwin-aarch64.zip"
url_api = "https://api.github.com/repos/oven-sh/bun/releases/assets/392586460"

[tools."github:oven-sh/bun"."platforms.macos-x64"]
checksum = "sha256:0f58c53a3e7947f1e626d2f8d285f97c14b7cadcca9c09ebafc0ae9d35b58c3d"
url = "https://github.com/oven-sh/bun/releases/download/bun-v1.3.12/bun-darwin-x64.zip"
url_api = "https://api.github.com/repos/oven-sh/bun/releases/assets/392586552"

[tools."github:oven-sh/bun"."platforms.windows-x64"]
checksum = "sha256:841ff9c5dffcaa3a2620d1e3f87ee500f32a4ca830b001cade7a3479609d4a89"
url = "https://github.com/oven-sh/bun/releases/download/bun-v1.3.12/bun-windows-x64.zip"
url_api = "https://api.github.com/repos/oven-sh/bun/releases/assets/392586775"
